
Microsoft Visual Studio Solution File, Format Version 12.00
# Visual Studio Version 16
VisualStudioVersion = 16.0.29709.97
MinimumVisualStudioVersion = 10.0.40219.1
Project("{9A19103F-16F7-4668-BE54-9A1E7A4F7556}") = "SensorData", "SensorData\SensorData.csproj", "{A3B5B685-A3FC-416C-B598-D7FB266E8514}"
EndProject
Global
	GlobalSection(SolutionConfigurationPlatforms) = preSolution
		Debug|Any CPU = Debug|Any CPU
		Release|Any CPU = Release|Any CPU
	EndGlobalSection
	GlobalSection(ProjectConfigurationPlatforms) = postSolution
		{A3B5B685-A3FC-416C-B598-D7FB266E8514}.Debug|Any CPU.ActiveCfg = Debug|Any CPU
		{A3B5B685-A3FC-416C-B598-D7FB266E8514}.Debug|Any CPU.Build.0 = Debug|Any CPU
		{A3B5B685-A3FC-416C-B598-D7FB266E8514}.Release|Any CPU.ActiveCfg = Release|Any CPU
		{A3B5B685-A3FC-416C-B598-D7FB266E8514}.Release|Any CPU.Build.0 = Release|Any CPU
	EndGlobalSection
	GlobalSection(SolutionProperties) = preSolution
		HideSolutionNode = FALSE
	EndGlobalSection
	GlobalSection(ExtensibilityGlobals) = postSolution
		SolutionGuid = {FBBDB7F0-7D89-4C52-B173-191019055E6A}
	EndGlobalSection
EndGlobal
